
Microsoft Visual Studio Solution File, Format Version 12.00
# Visual Studio Version 17
VisualStudioVersion = 17.14.36221.1 d17.14
MinimumVisualStudioVersion = 10.0.40219.1
Project("{FAE04EC0-301F-11D3-BF4B-00C04F79EFBC}") = "LinQ", "LinQ\LinQ.csproj", "{E11E5FB3-B3FF-4160-99C5-E7924147A2EF}"
EndProject
Project("{2150E333-8FDC-42A3-9474-1A3956D46DE8}") = "Solution Items", "Solution Items", "{8EC462FD-D22E-90A8-E5CE-7E832BA40C5D}"
	ProjectSection(SolutionItems) = preProject
		C:\Users\monaa\Downloads\Customers.xml = C:\Users\monaa\Downloads\Customers.xml
		C:\Users\monaa\Downloads\dictionary_english.txt = C:\Users\monaa\Downloads\dictionary_english.txt
	EndProjectSection
EndProject
Global
	GlobalSection(SolutionConfigurationPlatforms) = preSolution
		Debug|Any CPU = Debug|Any CPU
		Release|Any CPU = Release|Any CPU
	EndGlobalSection
	GlobalSection(ProjectConfigurationPlatforms) = postSolution
		{E11E5FB3-B3FF-4160-99C5-E7924147A2EF}.Debug|Any CPU.ActiveCfg = Debug|Any CPU
		{E11E5FB3-B3FF-4160-99C5-E7924147A2EF}.Debug|Any CPU.Build.0 = Debug|Any CPU
		{E11E5FB3-B3FF-4160-99C5-E7924147A2EF}.Release|Any CPU.ActiveCfg = Release|Any CPU
		{E11E5FB3-B3FF-4160-99C5-E7924147A2EF}.Release|Any CPU.Build.0 = Release|Any CPU
	EndGlobalSection
	GlobalSection(SolutionProperties) = preSolution
		HideSolutionNode = FALSE
	EndGlobalSection
	GlobalSection(ExtensibilityGlobals) = postSolution
		SolutionGuid = {88111152-145C-4AAA-872B-F52B067E01C4}
	EndGlobalSection
EndGlobal
